// !$*UTF8*$!
{
	archiveVersion = 1;
	classes = {
	};
	objectVersion = 46;
	objects = {

/* Begin PBXBuildFile section */
		B10E99521546FFF30070BBF3 /* Foundation.framework in Frameworks */ = {isa = PBXBuildFile; fileRef = B10E99511546FFF30070BBF3 /* Foundation.framework */; };
		B10E99541546FFF30070BBF3 /* UIKit.framework in Frameworks */ = {isa = PBXBuildFile; fileRef = B10E99531546FFF30070BBF3 /* UIKit.framework */; };
		B10E99561546FFF30070BBF3 /* CoreGraphics.framework in Frameworks */ = {isa = PBXBuildFile; fileRef = B10E99551546FFF30070BBF3 /* CoreGraphics.framework */; };
		B10E99581546FFF30070BBF3 /* AddressBook.framework in Frameworks */ = {isa = PBXBuildFile; fileRef = B10E99571546FFF30070BBF3 /* AddressBook.framework */; };
		B10E995A1546FFF30070BBF3 /* AddressBookUI.framework in Frameworks */ = {isa = PBXBuildFile; fileRef = B10E99591546FFF30070BBF3 /* AddressBookUI.framework */; };
		B10E995C1546FFF30070BBF3 /* AudioToolbox.framework in Frameworks */ = {isa = PBXBuildFile; fileRef = B10E995B1546FFF30070BBF3 /* AudioToolbox.framework */; };
		B10E995E1546FFF30070BBF3 /* AVFoundation.framework in Frameworks */ = {isa = PBXBuildFile; fileRef = B10E995D1546FFF30070BBF3 /* AVFoundation.framework */; };
		B10E99601546FFF30070BBF3 /* CoreLocation.framework in Frameworks */ = {isa = PBXBuildFile; fileRef = B10E995F1546FFF30070BBF3 /* CoreLocation.framework */; };
		B10E99621546FFF30070BBF3 /* MediaPlayer.framework in Frameworks */ = {isa = PBXBuildFile; fileRef = B10E99611546FFF30070BBF3 /* MediaPlayer.framework */; };
		B10E99641546FFF30070BBF3 /* QuartzCore.framework in Frameworks */ = {isa = PBXBuildFile; fileRef = B10E99631546FFF30070BBF3 /* QuartzCore.framework */; };
		B10E99661546FFF30070BBF3 /* SystemConfiguration.framework in Frameworks */ = {isa = PBXBuildFile; fileRef = B10E99651546FFF30070BBF3 /* SystemConfiguration.framework */; };
		B10E99681546FFF30070BBF3 /* MobileCoreServices.framework in Frameworks */ = {isa = PBXBuildFile; fileRef = B10E99671546FFF30070BBF3 /* MobileCoreServices.framework */; };
		B10E996A1546FFF30070BBF3 /* CoreMedia.framework in Frameworks */ = {isa = PBXBuildFile; fileRef = B10E99691546FFF30070BBF3 /* CoreMedia.framework */; };
		B10E99701546FFF30070BBF3 /* InfoPlist.strings in Resources */ = {isa = PBXBuildFile; fileRef = B10E996E1546FFF30070BBF3 /* InfoPlist.strings */; };
		B10E99721546FFF30070BBF3 /* main.m in Sources */ = {isa = PBXBuildFile; fileRef = B10E99711546FFF30070BBF3 /* main.m */; };
		B10E99751546FFF30070BBF3 /* PhoneGap.framework in Frameworks */ = {isa = PBXBuildFile; fileRef = B10E99741546FFF30070BBF3 /* PhoneGap.framework */; };
		B10E997A1546FFF30070BBF3 /* Localizable.strings in Resources */ = {isa = PBXBuildFile; fileRef = B10E99781546FFF30070BBF3 /* Localizable.strings */; };
		B10E997E1546FFF30070BBF3 /* Localizable.strings in Resources */ = {isa = PBXBuildFile; fileRef = B10E997C1546FFF30070BBF3 /* Localizable.strings */; };
		B10E99811546FFF30070BBF3 /* icon.png in Resources */ = {isa = PBXBuildFile; fileRef = B10E99801546FFF30070BBF3 /* icon.png */; };
		B10E99831546FFF30070BBF3 /* icon@2x.png in Resources */ = {isa = PBXBuildFile; fileRef = B10E99821546FFF30070BBF3 /* icon@2x.png */; };
		B10E99851546FFF30070BBF3 /* icon-72.png in Resources */ = {isa = PBXBuildFile; fileRef = B10E99841546FFF30070BBF3 /* icon-72.png */; };
		B10E998C1546FFF30070BBF3 /* Capture.bundle in Resources */ = {isa = PBXBuildFile; fileRef = B10E998B1546FFF30070BBF3 /* Capture.bundle */; };
		B10E998E1546FFF30070BBF3 /* PhoneGap.plist in Resources */ = {isa = PBXBuildFile; fileRef = B10E998D1546FFF30070BBF3 /* PhoneGap.plist */; };
		B10E99921546FFF30070BBF3 /* AppDelegate.m in Sources */ = {isa = PBXBuildFile; fileRef = B10E99911546FFF30070BBF3 /* AppDelegate.m */; };
		B10E99951546FFF30070BBF3 /* MainViewController.m in Sources */ = {isa = PBXBuildFile; fileRef = B10E99941546FFF30070BBF3 /* MainViewController.m */; };
		B10E99971546FFF30070BBF3 /* MainViewController.xib in Resources */ = {isa = PBXBuildFile; fileRef = B10E99961546FFF30070BBF3 /* MainViewController.xib */; };
		B10E99A01547000D0070BBF3 /* www in Resources */ = {isa = PBXBuildFile; fileRef = B10E999F1547000D0070BBF3 /* www */; };
		B10E99A4154850B40070BBF3 /* icon@2x.png in Resources */ = {isa = PBXBuildFile; fileRef = B10E99A3154850B40070BBF3 /* icon@2x.png */; };
		B10E99A6154853D30070BBF3 /* Icon.png in Resources */ = {isa = PBXBuildFile; fileRef = B10E99A5154853D30070BBF3 /* Icon.png */; };
		B14C1043154EF0D600719E58 /* chicagobold.ttf in Resources */ = {isa = PBXBuildFile; fileRef = B14C1042154EF0D600719E58 /* chicagobold.ttf */; };
		B18AC40D15499148005BD06B /* 114x114_Icon.png in Resources */ = {isa = PBXBuildFile; fileRef = B18AC40C15499148005BD06B /* 114x114_Icon.png */; };
		B18AC41015499158005BD06B /* 57x57_Icon.png in Resources */ = {isa = PBXBuildFile; fileRef = B18AC40F15499158005BD06B /* 57x57_Icon.png */; };
/* End PBXBuildFile section */

/* Begin PBXFileReference section */
		B10E994D1546FFF30070BBF3 /* BeatTheStreet.app */ = {isa = PBXFileReference; explicitFileType = wrapper.application; includeInIndex = 0; path = BeatTheStreet.app; sourceTree = BUILT_PRODUCTS_DIR; };
		B10E99511546FFF30070BBF3 /* Foundation.framework */ = {isa = PBXFileReference; lastKnownFileType = wrapper.framework; name = Foundation.framework; path = System/Library/Frameworks/Foundation.framework; sourceTree = SDKROOT; };
		B10E99531546FFF30070BBF3 /* UIKit.framework */ = {isa = PBXFileReference; lastKnownFileType = wrapper.framework; name = UIKit.framework; path = System/Library/Frameworks/UIKit.framework; sourceTree = SDKROOT; };
		B10E99551546FFF30070BBF3 /* CoreGraphics.framework */ = {isa = PBXFileReference; lastKnownFileType = wrapper.framework; name = CoreGraphics.framework; path = System/Library/Frameworks/CoreGraphics.framework; sourceTree = SDKROOT; };
		B10E99571546FFF30070BBF3 /* AddressBook.framework */ = {isa = PBXFileReference; lastKnownFileType = wrapper.framework; name = AddressBook.framework; path = System/Library/Frameworks/AddressBook.framework; sourceTree = SDKROOT; };
		B10E99591546FFF30070BBF3 /* AddressBookUI.framework */ = {isa = PBXFileReference; lastKnownFileType = wrapper.framework; name = AddressBookUI.framework; path = System/Library/Frameworks/AddressBookUI.framework; sourceTree = SDKROOT; };
		B10E995B1546FFF30070BBF3 /* AudioToolbox.framework */ = {isa = PBXFileReference; lastKnownFileType = wrapper.framework; name = AudioToolbox.framework; path = System/Library/Frameworks/AudioToolbox.framework; sourceTree = SDKROOT; };
		B10E995D1546FFF30070BBF3 /* AVFoundation.framework */ = {isa = PBXFileReference; lastKnownFileType = wrapper.framework; name = AVFoundation.framework; path = System/Library/Frameworks/AVFoundation.framework; sourceTree = SDKROOT; };
		B10E995F1546FFF30070BBF3 /* CoreLocation.framework */ = {isa = PBXFileReference; lastKnownFileType = wrapper.framework; name = CoreLocation.framework; path = System/Library/Frameworks/CoreLocation.framework; sourceTree = SDKROOT; };
		B10E99611546FFF30070BBF3 /* MediaPlayer.framework */ = {isa = PBXFileReference; lastKnownFileType = wrapper.framework; name = MediaPlayer.framework; path = System/Library/Frameworks/MediaPlayer.framework; sourceTree = SDKROOT; };
		B10E99631546FFF30070BBF3 /* QuartzCore.framework */ = {isa = PBXFileReference; lastKnownFileType = wrapper.framework; name = QuartzCore.framework; path = System/Library/Frameworks/QuartzCore.framework; sourceTree = SDKROOT; };
		B10E99651546FFF30070BBF3 /* SystemConfiguration.framework */ = {isa = PBXFileReference; lastKnownFileType = wrapper.framework; name = SystemConfiguration.framework; path = System/Library/Frameworks/SystemConfiguration.framework; sourceTree = SDKROOT; };
		B10E99671546FFF30070BBF3 /* MobileCoreServices.framework */ = {isa = PBXFileReference; lastKnownFileType = wrapper.framework; name = MobileCoreServices.framework; path = System/Library/Frameworks/MobileCoreServices.framework; sourceTree = SDKROOT; };
		B10E99691546FFF30070BBF3 /* CoreMedia.framework */ = {isa = PBXFileReference; lastKnownFileType = wrapper.framework; name = CoreMedia.framework; path = System/Library/Frameworks/CoreMedia.framework; sourceTree = SDKROOT; };
		B10E996D1546FFF30070BBF3 /* BeatTheStreet-Info.plist */ = {isa = PBXFileReference; lastKnownFileType = text.plist.xml; path = "BeatTheStreet-Info.plist"; sourceTree = "<group>"; };
		B10E996F1546FFF30070BBF3 /* en */ = {isa = PBXFileReference; lastKnownFileType = text.plist.strings; name = en; path = en.lproj/InfoPlist.strings; sourceTree = "<group>"; };
		B10E99711546FFF30070BBF3 /* main.m */ = {isa = PBXFileReference; lastKnownFileType = sourcecode.c.objc; path = main.m; sourceTree = "<group>"; };
		B10E99731546FFF30070BBF3 /* BeatTheStreet-Prefix.pch */ = {isa = PBXFileReference; lastKnownFileType = sourcecode.c.h; path = "BeatTheStreet-Prefix.pch"; sourceTree = "<group>"; };
		B10E99741546FFF30070BBF3 /* PhoneGap.framework */ = {isa = PBXFileReference; lastKnownFileType = wrapper.framework; name = PhoneGap.framework; path = /Users/Shared/PhoneGap/Frameworks/PhoneGap.framework; sourceTree = "<absolute>"; };
		B10E99791546FFF30070BBF3 /* en */ = {isa = PBXFileReference; lastKnownFileType = text.plist.strings; name = en; path = Resources/en.lproj/Localizable.strings; sourceTree = "<group>"; };
		B10E997D1546FFF30070BBF3 /* es */ = {isa = PBXFileReference; lastKnownFileType = text.plist.strings; name = es; path = Resources/es.lproj/Localizable.strings; sourceTree = "<group>"; };
		B10E99801546FFF30070BBF3 /* icon.png */ = {isa = PBXFileReference; lastKnownFileType = image.png; name = icon.png; path = Resources/icons/icon.png; sourceTree = "<group>"; };
		B10E99821546FFF30070BBF3 /* icon@2x.png */ = {isa = PBXFileReference; lastKnownFileType = image.png; name = "icon@2x.png"; path = "Resources/icons/icon@2x.png"; sourceTree = "<group>"; };
		B10E99841546FFF30070BBF3 /* icon-72.png */ = {isa = PBXFileReference; lastKnownFileType = image.png; name = "icon-72.png"; path = "Resources/icons/icon-72.png"; sourceTree = "<group>"; };
		B10E998B1546FFF30070BBF3 /* Capture.bundle */ = {isa = PBXFileReference; lastKnownFileType = "wrapper.plug-in"; name = Capture.bundle; path = Resources/Capture.bundle; sourceTree = "<group>"; };
		B10E998D1546FFF30070BBF3 /* PhoneGap.plist */ = {isa = PBXFileReference; lastKnownFileType = text.plist.xml; path = PhoneGap.plist; sourceTree = "<group>"; };
		B10E99901546FFF30070BBF3 /* AppDelegate.h */ = {isa = PBXFileReference; lastKnownFileType = sourcecode.c.h; name = AppDelegate.h; path = Classes/AppDelegate.h; sourceTree = "<group>"; };
		B10E99911546FFF30070BBF3 /* AppDelegate.m */ = {isa = PBXFileReference; lastKnownFileType = sourcecode.c.objc; name = AppDelegate.m; path = Classes/AppDelegate.m; sourceTree = "<group>"; };
		B10E99931546FFF30070BBF3 /* MainViewController.h */ = {isa = PBXFileReference; lastKnownFileType = sourcecode.c.h; name = MainViewController.h; path = Classes/MainViewController.h; sourceTree = "<group>"; };
		B10E99941546FFF30070BBF3 /* MainViewController.m */ = {isa = PBXFileReference; lastKnownFileType = sourcecode.c.objc; name = MainViewController.m; path = Classes/MainViewController.m; sourceTree = "<group>"; };
		B10E99961546FFF30070BBF3 /* MainViewController.xib */ = {isa = PBXFileReference; lastKnownFileType = file.xib; name = MainViewController.xib; path = Classes/MainViewController.xib; sourceTree = "<group>"; };
		B10E99991546FFF30070BBF3 /* README */ = {isa = PBXFileReference; lastKnownFileType = text; name = README; path = Plugins/README; sourceTree = "<group>"; };
		B10E999F1547000D0070BBF3 /* www */ = {isa = PBXFileReference; lastKnownFileType = folder; path = www; sourceTree = "<group>"; };
		B10E99A3154850B40070BBF3 /* icon@2x.png */ = {isa = PBXFileReference; lastKnownFileType = image.png; path = "icon@2x.png"; sourceTree = "<group>"; };
		B10E99A5154853D30070BBF3 /* Icon.png */ = {isa = PBXFileReference; lastKnownFileType = image.png; path = Icon.png; sourceTree = "<group>"; };
		B14C1042154EF0D600719E58 /* chicagobold.ttf */ = {isa = PBXFileReference; lastKnownFileType = file; name = chicagobold.ttf; path = www/assets/font/chicagobold.ttf; sourceTree = SOURCE_ROOT; };
		B18AC40C15499148005BD06B /* 114x114_Icon.png */ = {isa = PBXFileReference; lastKnownFileType = image.png; path = 114x114_Icon.png; sourceTree = "<group>"; };
		B18AC40F15499158005BD06B /* 57x57_Icon.png */ = {isa = PBXFileReference; lastKnownFileType = image.png; path = 57x57_Icon.png; sourceTree = "<group>"; };
/* End PBXFileReference section */

/* Begin PBXFrameworksBuildPhase section */
		B10E99471546FFF30070BBF3 /* Frameworks */ = {
			isa = PBXFrameworksBuildPhase;
			buildActionMask = 2147483647;
			files = (
				B10E99521546FFF30070BBF3 /* Foundation.framework in Frameworks */,
				B10E99541546FFF30070BBF3 /* UIKit.framework in Frameworks */,
				B10E99561546FFF30070BBF3 /* CoreGraphics.framework in Frameworks */,
				B10E99581546FFF30070BBF3 /* AddressBook.framework in Frameworks */,
				B10E995A1546FFF30070BBF3 /* AddressBookUI.framework in Frameworks */,
				B10E995C1546FFF30070BBF3 /* AudioToolbox.framework in Frameworks */,
				B10E995E1546FFF30070BBF3 /* AVFoundation.framework in Frameworks */,
				B10E99601546FFF30070BBF3 /* CoreLocation.framework in Frameworks */,
				B10E99621546FFF30070BBF3 /* MediaPlayer.framework in Frameworks */,
				B10E99641546FFF30070BBF3 /* QuartzCore.framework in Frameworks */,
				B10E99661546FFF30070BBF3 /* SystemConfiguration.framework in Frameworks */,
				B10E99681546FFF30070BBF3 /* MobileCoreServices.framework in Frameworks */,
				B10E996A1546FFF30070BBF3 /* CoreMedia.framework in Frameworks */,
				B10E99751546FFF30070BBF3 /* PhoneGap.framework in Frameworks */,
			);
			runOnlyForDeploymentPostprocessing = 0;
		};
		B10E994A1546FFF30070BBF3 /* Frameworks */ = {
			isa = PBXFrameworksBuildPhase;
			buildActionMask = 2147483647;
			files = (
			);
			runOnlyForDeploymentPostprocessing = 0;
		};
/* End PBXFrameworksBuildPhase section */

/* Begin PBXGroup section */
		B10E993F1546FFF20070BBF3 = {
			isa = PBXGroup;
			children = (
				B18AC40F15499158005BD06B /* 57x57_Icon.png */,
				B18AC40C15499148005BD06B /* 114x114_Icon.png */,
				B10E99A5154853D30070BBF3 /* Icon.png */,
				B10E99A3154850B40070BBF3 /* icon@2x.png */,
				B10E999F1547000D0070BBF3 /* www */,
				B10E996B1546FFF30070BBF3 /* BeatTheStreet */,
				B10E99501546FFF30070BBF3 /* Frameworks */,
				B10E994E1546FFF30070BBF3 /* Products */,
			);
			sourceTree = "<group>";
		};
		B10E994E1546FFF30070BBF3 /* Products */ = {
			isa = PBXGroup;
			children = (
				B10E994D1546FFF30070BBF3 /* BeatTheStreet.app */,
			);
			name = Products;
			sourceTree = "<group>";
		};
		B10E99501546FFF30070BBF3 /* Frameworks */ = {
			isa = PBXGroup;
			children = (
				B10E99511546FFF30070BBF3 /* Foundation.framework */,
				B10E99531546FFF30070BBF3 /* UIKit.framework */,
				B10E99551546FFF30070BBF3 /* CoreGraphics.framework */,
				B10E99571546FFF30070BBF3 /* AddressBook.framework */,
				B10E99591546FFF30070BBF3 /* AddressBookUI.framework */,
				B10E995B1546FFF30070BBF3 /* AudioToolbox.framework */,
				B10E995D1546FFF30070BBF3 /* AVFoundation.framework */,
				B10E995F1546FFF30070BBF3 /* CoreLocation.framework */,
				B10E99611546FFF30070BBF3 /* MediaPlayer.framework */,
				B10E99631546FFF30070BBF3 /* QuartzCore.framework */,
				B10E99651546FFF30070BBF3 /* SystemConfiguration.framework */,
				B10E99671546FFF30070BBF3 /* MobileCoreServices.framework */,
				B10E99691546FFF30070BBF3 /* CoreMedia.framework */,
			);
			name = Frameworks;
			sourceTree = "<group>";
		};
		B10E996B1546FFF30070BBF3 /* BeatTheStreet */ = {
			isa = PBXGroup;
			children = (
				B10E99741546FFF30070BBF3 /* PhoneGap.framework */,
				B10E99761546FFF30070BBF3 /* Resources */,
				B10E998F1546FFF30070BBF3 /* Classes */,
				B10E99981546FFF30070BBF3 /* Plugins */,
				B10E996C1546FFF30070BBF3 /* Supporting Files */,
			);
			path = BeatTheStreet;
			sourceTree = "<group>";
		};
		B10E996C1546FFF30070BBF3 /* Supporting Files */ = {
			isa = PBXGroup;
			children = (
				B10E996D1546FFF30070BBF3 /* BeatTheStreet-Info.plist */,
				B10E996E1546FFF30070BBF3 /* InfoPlist.strings */,
				B10E99711546FFF30070BBF3 /* main.m */,
				B10E99731546FFF30070BBF3 /* BeatTheStreet-Prefix.pch */,
				B10E998D1546FFF30070BBF3 /* PhoneGap.plist */,
				B10E99961546FFF30070BBF3 /* MainViewController.xib */,
			);
			name = "Supporting Files";
			sourceTree = "<group>";
		};
		B10E99761546FFF30070BBF3 /* Resources */ = {
			isa = PBXGroup;
			children = (
				B14C1042154EF0D600719E58 /* chicagobold.ttf */,
				B10E998B1546FFF30070BBF3 /* Capture.bundle */,
				B10E99771546FFF30070BBF3 /* en.lproj */,
				B10E997B1546FFF30070BBF3 /* es.lproj */,
				B10E997F1546FFF30070BBF3 /* icons */,
				B10E99861546FFF30070BBF3 /* splash */,
			);
			name = Resources;
			sourceTree = "<group>";
		};
		B10E99771546FFF30070BBF3 /* en.lproj */ = {
			isa = PBXGroup;
			children = (
				B10E99781546FFF30070BBF3 /* Localizable.strings */,
			);
			name = en.lproj;
			sourceTree = "<group>";
		};
		B10E997B1546FFF30070BBF3 /* es.lproj */ = {
			isa = PBXGroup;
			children = (
				B10E997C1546FFF30070BBF3 /* Localizable.strings */,
			);
			name = es.lproj;
			sourceTree = "<group>";
		};
		B10E997F1546FFF30070BBF3 /* icons */ = {
			isa = PBXGroup;
			children = (
				B10E99801546FFF30070BBF3 /* icon.png */,
				B10E99821546FFF30070BBF3 /* icon@2x.png */,
				B10E99841546FFF30070BBF3 /* icon-72.png */,
			);
			name = icons;
			sourceTree = "<group>";
		};
		B10E99861546FFF30070BBF3 /* splash */ = {
			isa = PBXGroup;
			children = (
			);
			name = splash;
			sourceTree = "<group>";
		};
		B10E998F1546FFF30070BBF3 /* Classes */ = {
			isa = PBXGroup;
			children = (
				B10E99901546FFF30070BBF3 /* AppDelegate.h */,
				B10E99911546FFF30070BBF3 /* AppDelegate.m */,
				B10E99931546FFF30070BBF3 /* MainViewController.h */,
				B10E99941546FFF30070BBF3 /* MainViewController.m */,
			);
			name = Classes;
			sourceTree = "<group>";
		};
		B10E99981546FFF30070BBF3 /* Plugins */ = {
			isa = PBXGroup;
			children = (
				B10E99991546FFF30070BBF3 /* README */,
			);
			name = Plugins;
			sourceTree = "<group>";
		};
/* End PBXGroup section */

/* Begin PBXNativeTarget section */
		B10E994C1546FFF30070BBF3 /* BeatTheStreet */ = {
			isa = PBXNativeTarget;
			buildConfigurationList = B10E999C1546FFF30070BBF3 /* Build configuration list for PBXNativeTarget "BeatTheStreet" */;
			buildPhases = (
				B10E99461546FFF30070BBF3 /* Sources */,
				B10E99471546FFF30070BBF3 /* Frameworks */,
				B10E99481546FFF30070BBF3 /* Resources */,
				B10E99491546FFF30070BBF3 /* Sources */,
				B10E994A1546FFF30070BBF3 /* Frameworks */,
				B10E994B1546FFF30070BBF3 /* ShellScript */,
			);
			buildRules = (
			);
			dependencies = (
			);
			name = BeatTheStreet;
			productName = BeatTheStreet;
			productReference = B10E994D1546FFF30070BBF3 /* BeatTheStreet.app */;
			productType = "com.apple.product-type.application";
		};
/* End PBXNativeTarget section */

/* Begin PBXProject section */
		B10E99411546FFF20070BBF3 /* Project object */ = {
			isa = PBXProject;
			attributes = {
				LastUpgradeCheck = 0430;
			};
			buildConfigurationList = B10E99441546FFF20070BBF3 /* Build configuration list for PBXProject "BeatTheStreet" */;
			compatibilityVersion = "Xcode 3.2";
			developmentRegion = English;
			hasScannedForEncodings = 0;
			knownRegions = (
				en,
				es,
			);
			mainGroup = B10E993F1546FFF20070BBF3;
			productRefGroup = B10E994E1546FFF30070BBF3 /* Products */;
			projectDirPath = "";
			projectRoot = "";
			targets = (
				B10E994C1546FFF30070BBF3 /* BeatTheStreet */,
			);
		};
/* End PBXProject section */

/* Begin PBXResourcesBuildPhase section */
		B10E99481546FFF30070BBF3 /* Resources */ = {
			isa = PBXResourcesBuildPhase;
			buildActionMask = 2147483647;
			files = (
				B10E99701546FFF30070BBF3 /* InfoPlist.strings in Resources */,
				B10E997A1546FFF30070BBF3 /* Localizable.strings in Resources */,
				B10E997E1546FFF30070BBF3 /* Localizable.strings in Resources */,
				B10E99811546FFF30070BBF3 /* icon.png in Resources */,
				B10E99831546FFF30070BBF3 /* icon@2x.png in Resources */,
				B10E99851546FFF30070BBF3 /* icon-72.png in Resources */,
				B10E998C1546FFF30070BBF3 /* Capture.bundle in Resources */,
				B10E998E1546FFF30070BBF3 /* PhoneGap.plist in Resources */,
				B10E99971546FFF30070BBF3 /* MainViewController.xib in Resources */,
				B10E99A01547000D0070BBF3 /* www in Resources */,
				B10E99A4154850B40070BBF3 /* icon@2x.png in Resources */,
				B10E99A6154853D30070BBF3 /* Icon.png in Resources */,
				B18AC40D15499148005BD06B /* 114x114_Icon.png in Resources */,
				B18AC41015499158005BD06B /* 57x57_Icon.png in Resources */,
				B14C1043154EF0D600719E58 /* chicagobold.ttf in Resources */,
			);
			runOnlyForDeploymentPostprocessing = 0;
		};
/* End PBXResourcesBuildPhase section */

/* Begin PBXShellScriptBuildPhase section */
		B10E994B1546FFF30070BBF3 /* ShellScript */ = {
			isa = PBXShellScriptBuildPhase;
			buildActionMask = 2147483647;
			files = (
			);
			inputPaths = (
			);
			outputPaths = (
			);
			runOnlyForDeploymentPostprocessing = 0;
			shellPath = /bin/bash;
			shellScript = "\n\t\t\t\t\t\t\t\tif [ ! -d \"$PROJECT_DIR/www\" ] ; then\n\t\t\t\t\t\t\t\t\tcp -R /Users/Shared/PhoneGap/Frameworks/PhoneGap.framework/www \"$PROJECT_DIR\"\n\t\t\t\t\t\t\t\tfi\n\t\t\t\t\t\t\t\t# detect www folder reference in project, if missing, print warning\n\t\t\t\t\t\t\t\tgrep \"{isa = PBXFileReference; lastKnownFileType = folder; path = www; sourceTree = \\\"<group>\\\"; };\" \"$PROJECT_DIR/$PROJECT_NAME.xcodeproj/project.pbxproj\"\n\t\t\t\t\t\t\t\trc=$? \n\t\t\t\t\t\t\t\tif [ $rc != 0 ] ; then\n\t\t\t\t\t\t\t\techo -e \"warning: Missing - Add $PROJECT_DIR/www as a folder reference in your project. Just drag and drop the folder into your project, into the Project Navigator of Xcode 4. Make sure you select the second radio-button: 'Create folder references for any added folders' (which will create a blue folder)\" 1>&2\n\t\t\t\t\t\t\t\tfi\t\t\t\t\t\t\t";
		};
/* End PBXShellScriptBuildPhase section */

/* Begin PBXSourcesBuildPhase section */
		B10E99461546FFF30070BBF3 /* Sources */ = {
			isa = PBXSourcesBuildPhase;
			buildActionMask = 2147483647;
			files = (
				B10E99721546FFF30070BBF3 /* main.m in Sources */,
				B10E99921546FFF30070BBF3 /* AppDelegate.m in Sources */,
				B10E99951546FFF30070BBF3 /* MainViewController.m in Sources */,
			);
			runOnlyForDeploymentPostprocessing = 0;
		};
		B10E99491546FFF30070BBF3 /* Sources */ = {
			isa = PBXSourcesBuildPhase;
			buildActionMask = 2147483647;
			files = (
			);
			runOnlyForDeploymentPostprocessing = 0;
		};
/* End PBXSourcesBuildPhase section */

/* Begin PBXVariantGroup section */
		B10E996E1546FFF30070BBF3 /* InfoPlist.strings */ = {
			isa = PBXVariantGroup;
			children = (
				B10E996F1546FFF30070BBF3 /* en */,
			);
			name = InfoPlist.strings;
			sourceTree = "<group>";
		};
		B10E99781546FFF30070BBF3 /* Localizable.strings */ = {
			isa = PBXVariantGroup;
			children = (
				B10E99791546FFF30070BBF3 /* en */,
			);
			name = Localizable.strings;
			sourceTree = "<group>";
		};
		B10E997C1546FFF30070BBF3 /* Localizable.strings */ = {
			isa = PBXVariantGroup;
			children = (
				B10E997D1546FFF30070BBF3 /* es */,
			);
			name = Localizable.strings;
			sourceTree = "<group>";
		};
/* End PBXVariantGroup section */

/* Begin XCBuildConfiguration section */
		B10E999A1546FFF30070BBF3 /* Debug */ = {
			isa = XCBuildConfiguration;
			buildSettings = {
				ALWAYS_SEARCH_USER_PATHS = NO;
				ARCHS = "$(ARCHS_STANDARD_32_BIT)";
				"CODE_SIGN_IDENTITY[sdk=iphoneos*]" = "iPhone Developer";
				COPY_PHASE_STRIP = NO;
				GCC_C_LANGUAGE_STANDARD = gnu99;
				GCC_DYNAMIC_NO_PIC = NO;
				GCC_OPTIMIZATION_LEVEL = 0;
				GCC_PREPROCESSOR_DEFINITIONS = (
					"DEBUG=1",
					"$(inherited)",
				);
				GCC_SYMBOLS_PRIVATE_EXTERN = NO;
				GCC_VERSION = com.apple.compilers.llvmgcc42;
				GCC_WARN_ABOUT_RETURN_TYPE = YES;
				GCC_WARN_UNINITIALIZED_AUTOS = YES;
				GCC_WARN_UNUSED_VARIABLE = YES;
				IPHONEOS_DEPLOYMENT_TARGET = 3.0;
				SDKROOT = iphoneos;
			};
			name = Debug;
		};
		B10E999B1546FFF30070BBF3 /* Release */ = {
			isa = XCBuildConfiguration;
			buildSettings = {
				ALWAYS_SEARCH_USER_PATHS = NO;
				ARCHS = "$(ARCHS_STANDARD_32_BIT)";
				"CODE_SIGN_IDENTITY[sdk=iphoneos*]" = "iPhone Developer";
				COPY_PHASE_STRIP = YES;
				GCC_C_LANGUAGE_STANDARD = gnu99;
				GCC_VERSION = com.apple.compilers.llvmgcc42;
				GCC_WARN_ABOUT_RETURN_TYPE = YES;
				GCC_WARN_UNINITIALIZED_AUTOS = YES;
				GCC_WARN_UNUSED_VARIABLE = YES;
				IPHONEOS_DEPLOYMENT_TARGET = 3.0;
				SDKROOT = iphoneos;
				VALIDATE_PRODUCT = YES;
			};
			name = Release;
		};
		B10E999D1546FFF30070BBF3 /* Debug */ = {
			isa = XCBuildConfiguration;
			buildSettings = {
				ALWAYS_SEARCH_USER_PATHS = YES;
				COPY_PHASE_STRIP = NO;
				FRAMEWORK_SEARCH_PATHS = /Users/Shared/PhoneGap/Frameworks;
				GCC_DYNAMIC_NO_PIC = NO;
				GCC_PRECOMPILE_PREFIX_HEADER = YES;
				GCC_PREFIX_HEADER = "BeatTheStreet/BeatTheStreet-Prefix.pch";
				GCC_PREPROCESSOR_DEFINITIONS = "PHONEGAP_FRAMEWORK=YES";
				GCC_VERSION = com.apple.compilers.llvm.clang.1_0;
				INFOPLIST_FILE = "BeatTheStreet/BeatTheStreet-Info.plist";
				OTHER_LDFLAGS = (
					"-weak_framework",
					UIKit,
					"-weak_framework",
					AVFoundation,
					"-weak_framework",
					CoreMedia,
					"-weak_library",
					/usr/lib/libSystem.B.dylib,
				);
				PRODUCT_NAME = "$(TARGET_NAME)";
				TARGETED_DEVICE_FAMILY = 1;
				WRAPPER_EXTENSION = app;
			};
			name = Debug;
		};
		B10E999E1546FFF30070BBF3 /* Release */ = {
			isa = XCBuildConfiguration;
			buildSettings = {
				ALWAYS_SEARCH_USER_PATHS = YES;
				COPY_PHASE_STRIP = YES;
				DEBUG_INFORMATION_FORMAT = "dwarf-with-dsym";
				FRAMEWORK_SEARCH_PATHS = /Users/Shared/PhoneGap/Frameworks;
				GCC_PRECOMPILE_PREFIX_HEADER = YES;
				GCC_PREFIX_HEADER = "BeatTheStreet/BeatTheStreet-Prefix.pch";
				GCC_PREPROCESSOR_DEFINITIONS = "PHONEGAP_FRAMEWORK=YES";
				GCC_VERSION = com.apple.compilers.llvm.clang.1_0;
				INFOPLIST_FILE = "BeatTheStreet/BeatTheStreet-Info.plist";
				OTHER_LDFLAGS = (
					"-weak_framework",
					UIKit,
					"-weak_framework",
					AVFoundation,
					"-weak_framework",
					CoreMedia,
					"-weak_library",
					/usr/lib/libSystem.B.dylib,
				);
				PRODUCT_NAME = "$(TARGET_NAME)";
				TARGETED_DEVICE_FAMILY = 1;
				VALIDATE_PRODUCT = YES;
				WRAPPER_EXTENSION = app;
			};
			name = Release;
		};
/* End XCBuildConfiguration section */

/* Begin XCConfigurationList section */
		B10E99441546FFF20070BBF3 /* Build configuration list for PBXProject "BeatTheStreet" */ = {
			isa = XCConfigurationList;
			buildConfigurations = (
				B10E999A1546FFF30070BBF3 /* Debug */,
				B10E999B1546FFF30070BBF3 /* Release */,
			);
			defaultConfigurationIsVisible = 0;
			defaultConfigurationName = Release;
		};
		B10E999C1546FFF30070BBF3 /* Build configuration list for PBXNativeTarget "BeatTheStreet" */ = {
			isa = XCConfigurationList;
			buildConfigurations = (
				B10E999D1546FFF30070BBF3 /* Debug */,
				B10E999E1546FFF30070BBF3 /* Release */,
			);
			defaultConfigurationIsVisible = 0;
			defaultConfigurationName = Release;
		};
/* End XCConfigurationList section */
	};
	rootObject = B10E99411546FFF20070BBF3 /* Project object */;
}
